
Microsoft Visual Studio Solution File, Format Version 12.00
# Visual Studio Version 17
VisualStudioVersion = 17.0.32002.185
MinimumVisualStudioVersion = 10.0.40219.1
Project("{9A19103F-16F7-4668-BE54-9A1E7A4F7556}") = "BlazorWebAdmin", "BlazorWebAdmin\BlazorWebAdmin.csproj", "{C77B9A7F-DD2B-4B1F-BA7B-CBCD92E285D2}"
EndProject
Project("{9A19103F-16F7-4668-BE54-9A1E7A4F7556}") = "Project.Common", "Project.Common\Project.Common.csproj", "{BB4D5AB6-3CEB-424F-B874-8616115B2BD1}"
EndProject
Project("{2150E333-8FDC-42A3-9474-1A3956D46DE8}") = "Solution Items", "Solution Items", "{EFE16EE0-ABD6-4659-85D2-5CD3B1D05F09}"
	ProjectSection(SolutionItems) = preProject
		.editorconfig = .editorconfig
	EndProjectSection
EndProject
Project("{9A19103F-16F7-4668-BE54-9A1E7A4F7556}") = "Project.Models", "Project.Models\Project.Models.csproj", "{C7C9F742-8987-47FF-A546-D056B09A201D}"
EndProject
Project("{9A19103F-16F7-4668-BE54-9A1E7A4F7556}") = "Project.Services", "Project.Services\Project.Services.csproj", "{0664D1E4-5F1B-4460-8031-ECDF2F169C39}"
EndProject
Project("{9A19103F-16F7-4668-BE54-9A1E7A4F7556}") = "LogAopCodeGenerator", "LogAopCodeGenerator\LogAopCodeGenerator.csproj", "{16E2004F-0286-4B5D-83E0-A6AD1947878D}"
EndProject
Project("{9A19103F-16F7-4668-BE54-9A1E7A4F7556}") = "BlazorWeb.Shared", "BlazorWeb.Shared\BlazorWeb.Shared.csproj", "{5C05FEF4-6F98-4D6D-81CC-A02C942E501C}"
EndProject
Project("{FAE04EC0-301F-11D3-BF4B-00C04F79EFBC}") = "Project.AppCore", "Project.AppCore\Project.AppCore.csproj", "{166DBCC9-D1FC-45F8-A934-A01051B86008}"
EndProject
Global
	GlobalSection(SolutionConfigurationPlatforms) = preSolution
		Debug|Any CPU = Debug|Any CPU
		Release|Any CPU = Release|Any CPU
	EndGlobalSection
	GlobalSection(ProjectConfigurationPlatforms) = postSolution
		{C77B9A7F-DD2B-4B1F-BA7B-CBCD92E285D2}.Debug|Any CPU.ActiveCfg = Debug|Any CPU
		{C77B9A7F-DD2B-4B1F-BA7B-CBCD92E285D2}.Debug|Any CPU.Build.0 = Debug|Any CPU
		{C77B9A7F-DD2B-4B1F-BA7B-CBCD92E285D2}.Release|Any CPU.ActiveCfg = Release|Any CPU
		{C77B9A7F-DD2B-4B1F-BA7B-CBCD92E285D2}.Release|Any CPU.Build.0 = Release|Any CPU
		{BB4D5AB6-3CEB-424F-B874-8616115B2BD1}.Debug|Any CPU.ActiveCfg = Debug|Any CPU
		{BB4D5AB6-3CEB-424F-B874-8616115B2BD1}.Debug|Any CPU.Build.0 = Debug|Any CPU
		{BB4D5AB6-3CEB-424F-B874-8616115B2BD1}.Release|Any CPU.ActiveCfg = Release|Any CPU
		{BB4D5AB6-3CEB-424F-B874-8616115B2BD1}.Release|Any CPU.Build.0 = Release|Any CPU
		{C7C9F742-8987-47FF-A546-D056B09A201D}.Debug|Any CPU.ActiveCfg = Debug|Any CPU
		{C7C9F742-8987-47FF-A546-D056B09A201D}.Debug|Any CPU.Build.0 = Debug|Any CPU
		{C7C9F742-8987-47FF-A546-D056B09A201D}.Release|Any CPU.ActiveCfg = Release|Any CPU
		{C7C9F742-8987-47FF-A546-D056B09A201D}.Release|Any CPU.Build.0 = Release|Any CPU
		{0664D1E4-5F1B-4460-8031-ECDF2F169C39}.Debug|Any CPU.ActiveCfg = Debug|Any CPU
		{0664D1E4-5F1B-4460-8031-ECDF2F169C39}.Debug|Any CPU.Build.0 = Debug|Any CPU
		{0664D1E4-5F1B-4460-8031-ECDF2F169C39}.Release|Any CPU.ActiveCfg = Release|Any CPU
		{0664D1E4-5F1B-4460-8031-ECDF2F169C39}.Release|Any CPU.Build.0 = Release|Any CPU
		{16E2004F-0286-4B5D-83E0-A6AD1947878D}.Debug|Any CPU.ActiveCfg = Debug|Any CPU
		{16E2004F-0286-4B5D-83E0-A6AD1947878D}.Debug|Any CPU.Build.0 = Debug|Any CPU
		{16E2004F-0286-4B5D-83E0-A6AD1947878D}.Release|Any CPU.ActiveCfg = Release|Any CPU
		{16E2004F-0286-4B5D-83E0-A6AD1947878D}.Release|Any CPU.Build.0 = Release|Any CPU
		{5C05FEF4-6F98-4D6D-81CC-A02C942E501C}.Debug|Any CPU.ActiveCfg = Debug|Any CPU
		{5C05FEF4-6F98-4D6D-81CC-A02C942E501C}.Debug|Any CPU.Build.0 = Debug|Any CPU
		{5C05FEF4-6F98-4D6D-81CC-A02C942E501C}.Release|Any CPU.ActiveCfg = Release|Any CPU
		{5C05FEF4-6F98-4D6D-81CC-A02C942E501C}.Release|Any CPU.Build.0 = Release|Any CPU
		{166DBCC9-D1FC-45F8-A934-A01051B86008}.Debug|Any CPU.ActiveCfg = Debug|Any CPU
		{166DBCC9-D1FC-45F8-A934-A01051B86008}.Debug|Any CPU.Build.0 = Debug|Any CPU
		{166DBCC9-D1FC-45F8-A934-A01051B86008}.Release|Any CPU.ActiveCfg = Release|Any CPU
		{166DBCC9-D1FC-45F8-A934-A01051B86008}.Release|Any CPU.Build.0 = Release|Any CPU
	EndGlobalSection
	GlobalSection(SolutionProperties) = preSolution
		HideSolutionNode = FALSE
	EndGlobalSection
	GlobalSection(ExtensibilityGlobals) = postSolution
		SolutionGuid = {0371ABB4-6400-487C-9031-25B119AB8B9E}
	EndGlobalSection
EndGlobal
