
Microsoft Visual Studio Solution File, Format Version 12.00
# Visual Studio Version 17
VisualStudioVersion = 17.0.32002.185
MinimumVisualStudioVersion = 10.0.40219.1
Project("{2150E333-8FDC-42A3-9474-1A3956D46DE8}") = "Solution Items", "Solution Items", "{EFE16EE0-ABD6-4659-85D2-5CD3B1D05F09}"
	ProjectSection(SolutionItems) = preProject
		.editorconfig = .editorconfig
	EndProjectSection
EndProject
Project("{9A19103F-16F7-4668-BE54-9A1E7A4F7556}") = "Project.AppCore", "Project.AppCore\Project.AppCore.csproj", "{166DBCC9-D1FC-45F8-A934-A01051B86008}"
EndProject
Project("{9A19103F-16F7-4668-BE54-9A1E7A4F7556}") = "Demo.Web", "Demo.Web\Demo.Web.csproj", "{44D74521-3BA1-48D0-BCE0-2EBA2CD60AAA}"
EndProject
Project("{9A19103F-16F7-4668-BE54-9A1E7A4F7556}") = "Project.Web.Shared", "Project.Web.Shared\Project.Web.Shared.csproj", "{75042FB8-66A4-41E4-8122-504C9595307F}"
EndProject
Project("{9A19103F-16F7-4668-BE54-9A1E7A4F7556}") = "Project.UI.AntBlazor", "Project.UI.AntBlazor\Project.UI.AntBlazor.csproj", "{56326C12-F00E-44EF-8CB7-A1CE76984691}"
EndProject
Project("{9A19103F-16F7-4668-BE54-9A1E7A4F7556}") = "Project.Constraints", "Project.Constraints\Project.Constraints.csproj", "{9BCE1380-F2F2-4321-BA26-FA40D02E0D3E}"
EndProject
Project("{FAE04EC0-301F-11D3-BF4B-00C04F79EFBC}") = "Test", "Test\Test.csproj", "{40E0B573-E874-4135-B673-3752C0961282}"
EndProject
Global
	GlobalSection(SolutionConfigurationPlatforms) = preSolution
		Debug|Any CPU = Debug|Any CPU
		Release|Any CPU = Release|Any CPU
	EndGlobalSection
	GlobalSection(ProjectConfigurationPlatforms) = postSolution
		{166DBCC9-D1FC-45F8-A934-A01051B86008}.Debug|Any CPU.ActiveCfg = Debug|Any CPU
		{166DBCC9-D1FC-45F8-A934-A01051B86008}.Debug|Any CPU.Build.0 = Debug|Any CPU
		{166DBCC9-D1FC-45F8-A934-A01051B86008}.Release|Any CPU.ActiveCfg = Release|Any CPU
		{166DBCC9-D1FC-45F8-A934-A01051B86008}.Release|Any CPU.Build.0 = Release|Any CPU
		{44D74521-3BA1-48D0-BCE0-2EBA2CD60AAA}.Debug|Any CPU.ActiveCfg = Debug|Any CPU
		{44D74521-3BA1-48D0-BCE0-2EBA2CD60AAA}.Debug|Any CPU.Build.0 = Debug|Any CPU
		{44D74521-3BA1-48D0-BCE0-2EBA2CD60AAA}.Release|Any CPU.ActiveCfg = Release|Any CPU
		{44D74521-3BA1-48D0-BCE0-2EBA2CD60AAA}.Release|Any CPU.Build.0 = Release|Any CPU
		{75042FB8-66A4-41E4-8122-504C9595307F}.Debug|Any CPU.ActiveCfg = Debug|Any CPU
		{75042FB8-66A4-41E4-8122-504C9595307F}.Debug|Any CPU.Build.0 = Debug|Any CPU
		{75042FB8-66A4-41E4-8122-504C9595307F}.Release|Any CPU.ActiveCfg = Release|Any CPU
		{75042FB8-66A4-41E4-8122-504C9595307F}.Release|Any CPU.Build.0 = Release|Any CPU
		{56326C12-F00E-44EF-8CB7-A1CE76984691}.Debug|Any CPU.ActiveCfg = Debug|Any CPU
		{56326C12-F00E-44EF-8CB7-A1CE76984691}.Debug|Any CPU.Build.0 = Debug|Any CPU
		{56326C12-F00E-44EF-8CB7-A1CE76984691}.Release|Any CPU.ActiveCfg = Release|Any CPU
		{56326C12-F00E-44EF-8CB7-A1CE76984691}.Release|Any CPU.Build.0 = Release|Any CPU
		{9BCE1380-F2F2-4321-BA26-FA40D02E0D3E}.Debug|Any CPU.ActiveCfg = Debug|Any CPU
		{9BCE1380-F2F2-4321-BA26-FA40D02E0D3E}.Debug|Any CPU.Build.0 = Debug|Any CPU
		{9BCE1380-F2F2-4321-BA26-FA40D02E0D3E}.Release|Any CPU.ActiveCfg = Release|Any CPU
		{9BCE1380-F2F2-4321-BA26-FA40D02E0D3E}.Release|Any CPU.Build.0 = Release|Any CPU
		{40E0B573-E874-4135-B673-3752C0961282}.Debug|Any CPU.ActiveCfg = Debug|Any CPU
		{40E0B573-E874-4135-B673-3752C0961282}.Debug|Any CPU.Build.0 = Debug|Any CPU
		{40E0B573-E874-4135-B673-3752C0961282}.Release|Any CPU.ActiveCfg = Release|Any CPU
		{40E0B573-E874-4135-B673-3752C0961282}.Release|Any CPU.Build.0 = Release|Any CPU
	EndGlobalSection
	GlobalSection(SolutionProperties) = preSolution
		HideSolutionNode = FALSE
	EndGlobalSection
	GlobalSection(ExtensibilityGlobals) = postSolution
		SolutionGuid = {0371ABB4-6400-487C-9031-25B119AB8B9E}
	EndGlobalSection
EndGlobal
