
Microsoft Visual Studio Solution File, Format Version 12.00
# Visual Studio Version 18
VisualStudioVersion = 18.1.11304.174
MinimumVisualStudioVersion = 10.0.40219.1
Project("{2150E333-8FDC-42A3-9474-1A3956D46DE8}") = "Solution Items", "Solution Items", "{EFE16EE0-ABD6-4659-85D2-5CD3B1D05F09}"
	ProjectSection(SolutionItems) = preProject
		.editorconfig = .editorconfig
	EndProjectSection
EndProject
Project("{2150E333-8FDC-42A3-9474-1A3956D46DE8}") = "Shared", "Shared", "{41F05D31-29D1-4D2D-AA45-E6BA10C6CD1E}"
EndProject
Project("{9A19103F-16F7-4668-BE54-9A1E7A4F7556}") = "RunBuild", "RunBuild\RunBuild.csproj", "{1E41BCEE-2760-4A93-9C37-8C62F6C53A50}"
EndProject
Project("{2150E333-8FDC-42A3-9474-1A3956D46DE8}") = "TypeScriptPackup", "TypeScriptPackup", "{0F196314-3413-403C-B39E-DDD6CA938D34}"
	ProjectSection(SolutionItems) = preProject
		main.ts = main.ts
		package.json = package.json
		tsconfig.json = tsconfig.json
		tsup.config.ts = tsup.config.ts
		tsup.config.wpf.ts = tsup.config.wpf.ts
		utilsAggregation.ts = utilsAggregation.ts
	EndProjectSection
EndProject
Project("{FAE04EC0-301F-11D3-BF4B-00C04F79EFBC}") = "BlazorAdmin", "BlazorAdmin\BlazorAdmin.csproj", "{59A2D1B3-4083-4E81-91CF-B9A0A60A88F6}"
EndProject
Project("{FAE04EC0-301F-11D3-BF4B-00C04F79EFBC}") = "BlazorAdmin.Client", "BlazorAdmin.Client\BlazorAdmin.Client.csproj", "{2BB31FF3-22C2-4643-A605-DB1EA43FB03A}"
EndProject
Project("{FAE04EC0-301F-11D3-BF4B-00C04F79EFBC}") = "BlazorAdmin.Wpf", "BlazorAdmin.Wpf\BlazorAdmin.Wpf.csproj", "{1FE4291D-BCB8-48E3-A260-5BDB4ED877AA}"
EndProject
Project("{2150E333-8FDC-42A3-9474-1A3956D46DE8}") = "TsCore", "TsCore", "{5C45FAB5-DFEA-4E11-9793-5312BD986C04}"
	ProjectSection(SolutionItems) = preProject
		Shared\TsCore\baseComponent.ts = Shared\TsCore\baseComponent.ts
		Shared\TsCore\componentStore.ts = Shared\TsCore\componentStore.ts
		Shared\TsCore\customEventHandler.ts = Shared\TsCore\customEventHandler.ts
		Shared\TsCore\dragHelper.ts = Shared\TsCore\dragHelper.ts
		Shared\TsCore\eventHandler.ts = Shared\TsCore\eventHandler.ts
		Shared\TsCore\eventHandlerSet.ts = Shared\TsCore\eventHandlerSet.ts
		Shared\TsCore\handlerBase.ts = Shared\TsCore\handlerBase.ts
		Shared\TsCore\resizeHandler.ts = Shared\TsCore\resizeHandler.ts
		Shared\TsCore\utils.ts = Shared\TsCore\utils.ts
	EndProjectSection
EndProject
Project("{FAE04EC0-301F-11D3-BF4B-00C04F79EFBC}") = "BlazorTemplate.Constraints", "Shared\BlazorTemplate.Constraints\BlazorTemplate.Constraints.csproj", "{0B559978-9EFA-27FE-B00D-2EDBE7EA959D}"
EndProject
Project("{FAE04EC0-301F-11D3-BF4B-00C04F79EFBC}") = "BlazorTemplate.UI.Shared", "Shared\BlazorTemplate.UI.Shared\BlazorTemplate.UI.Shared.csproj", "{3858C8EA-BF18-B413-4720-0FAAFE7F11F2}"
EndProject
Project("{FAE04EC0-301F-11D3-BF4B-00C04F79EFBC}") = "BlazorTemplate.AppCore", "Shared\BlazorTemplate.AppCore\BlazorTemplate.AppCore.csproj", "{B9957054-8A7D-4332-049A-0D7362837492}"
EndProject
Project("{FAE04EC0-301F-11D3-BF4B-00C04F79EFBC}") = "BlazorTemplate.UI.AntBlazor", "Shared\BlazorTemplate.UI.AntBlazor\BlazorTemplate.UI.AntBlazor.csproj", "{101FF420-6540-8BFA-B76E-DF92A4367429}"
EndProject
Project("{FAE04EC0-301F-11D3-BF4B-00C04F79EFBC}") = "BlazorTemplate.UI.FluentUI", "Shared\BlazorTemplate.UI.FluentUI\BlazorTemplate.UI.FluentUI.csproj", "{1B682C15-9E22-E664-ACAA-0C6B25B2EFAF}"
EndProject
Global
	GlobalSection(SolutionConfigurationPlatforms) = preSolution
		Debug|Any CPU = Debug|Any CPU
		Release|Any CPU = Release|Any CPU
	EndGlobalSection
	GlobalSection(ProjectConfigurationPlatforms) = postSolution
		{1E41BCEE-2760-4A93-9C37-8C62F6C53A50}.Debug|Any CPU.ActiveCfg = Debug|Any CPU
		{1E41BCEE-2760-4A93-9C37-8C62F6C53A50}.Debug|Any CPU.Build.0 = Debug|Any CPU
		{1E41BCEE-2760-4A93-9C37-8C62F6C53A50}.Release|Any CPU.ActiveCfg = Release|Any CPU
		{1E41BCEE-2760-4A93-9C37-8C62F6C53A50}.Release|Any CPU.Build.0 = Release|Any CPU
		{59A2D1B3-4083-4E81-91CF-B9A0A60A88F6}.Debug|Any CPU.ActiveCfg = Debug|Any CPU
		{59A2D1B3-4083-4E81-91CF-B9A0A60A88F6}.Debug|Any CPU.Build.0 = Debug|Any CPU
		{59A2D1B3-4083-4E81-91CF-B9A0A60A88F6}.Release|Any CPU.ActiveCfg = Release|Any CPU
		{59A2D1B3-4083-4E81-91CF-B9A0A60A88F6}.Release|Any CPU.Build.0 = Release|Any CPU
		{2BB31FF3-22C2-4643-A605-DB1EA43FB03A}.Debug|Any CPU.ActiveCfg = Debug|Any CPU
		{2BB31FF3-22C2-4643-A605-DB1EA43FB03A}.Debug|Any CPU.Build.0 = Debug|Any CPU
		{2BB31FF3-22C2-4643-A605-DB1EA43FB03A}.Release|Any CPU.ActiveCfg = Release|Any CPU
		{2BB31FF3-22C2-4643-A605-DB1EA43FB03A}.Release|Any CPU.Build.0 = Release|Any CPU
		{1FE4291D-BCB8-48E3-A260-5BDB4ED877AA}.Debug|Any CPU.ActiveCfg = Debug|Any CPU
		{1FE4291D-BCB8-48E3-A260-5BDB4ED877AA}.Debug|Any CPU.Build.0 = Debug|Any CPU
		{1FE4291D-BCB8-48E3-A260-5BDB4ED877AA}.Release|Any CPU.ActiveCfg = Release|Any CPU
		{1FE4291D-BCB8-48E3-A260-5BDB4ED877AA}.Release|Any CPU.Build.0 = Release|Any CPU
		{0B559978-9EFA-27FE-B00D-2EDBE7EA959D}.Debug|Any CPU.ActiveCfg = Debug|Any CPU
		{0B559978-9EFA-27FE-B00D-2EDBE7EA959D}.Debug|Any CPU.Build.0 = Debug|Any CPU
		{0B559978-9EFA-27FE-B00D-2EDBE7EA959D}.Release|Any CPU.ActiveCfg = Release|Any CPU
		{0B559978-9EFA-27FE-B00D-2EDBE7EA959D}.Release|Any CPU.Build.0 = Release|Any CPU
		{3858C8EA-BF18-B413-4720-0FAAFE7F11F2}.Debug|Any CPU.ActiveCfg = Debug|Any CPU
		{3858C8EA-BF18-B413-4720-0FAAFE7F11F2}.Debug|Any CPU.Build.0 = Debug|Any CPU
		{3858C8EA-BF18-B413-4720-0FAAFE7F11F2}.Release|Any CPU.ActiveCfg = Release|Any CPU
		{3858C8EA-BF18-B413-4720-0FAAFE7F11F2}.Release|Any CPU.Build.0 = Release|Any CPU
		{B9957054-8A7D-4332-049A-0D7362837492}.Debug|Any CPU.ActiveCfg = Debug|Any CPU
		{B9957054-8A7D-4332-049A-0D7362837492}.Debug|Any CPU.Build.0 = Debug|Any CPU
		{B9957054-8A7D-4332-049A-0D7362837492}.Release|Any CPU.ActiveCfg = Release|Any CPU
		{B9957054-8A7D-4332-049A-0D7362837492}.Release|Any CPU.Build.0 = Release|Any CPU
		{101FF420-6540-8BFA-B76E-DF92A4367429}.Debug|Any CPU.ActiveCfg = Debug|Any CPU
		{101FF420-6540-8BFA-B76E-DF92A4367429}.Debug|Any CPU.Build.0 = Debug|Any CPU
		{101FF420-6540-8BFA-B76E-DF92A4367429}.Release|Any CPU.ActiveCfg = Release|Any CPU
		{101FF420-6540-8BFA-B76E-DF92A4367429}.Release|Any CPU.Build.0 = Release|Any CPU
		{1B682C15-9E22-E664-ACAA-0C6B25B2EFAF}.Debug|Any CPU.ActiveCfg = Debug|Any CPU
		{1B682C15-9E22-E664-ACAA-0C6B25B2EFAF}.Debug|Any CPU.Build.0 = Debug|Any CPU
		{1B682C15-9E22-E664-ACAA-0C6B25B2EFAF}.Release|Any CPU.ActiveCfg = Release|Any CPU
		{1B682C15-9E22-E664-ACAA-0C6B25B2EFAF}.Release|Any CPU.Build.0 = Release|Any CPU
	EndGlobalSection
	GlobalSection(SolutionProperties) = preSolution
		HideSolutionNode = FALSE
	EndGlobalSection
	GlobalSection(NestedProjects) = preSolution
		{1E41BCEE-2760-4A93-9C37-8C62F6C53A50} = {0F196314-3413-403C-B39E-DDD6CA938D34}
		{5C45FAB5-DFEA-4E11-9793-5312BD986C04} = {41F05D31-29D1-4D2D-AA45-E6BA10C6CD1E}
		{0B559978-9EFA-27FE-B00D-2EDBE7EA959D} = {41F05D31-29D1-4D2D-AA45-E6BA10C6CD1E}
		{3858C8EA-BF18-B413-4720-0FAAFE7F11F2} = {41F05D31-29D1-4D2D-AA45-E6BA10C6CD1E}
		{B9957054-8A7D-4332-049A-0D7362837492} = {41F05D31-29D1-4D2D-AA45-E6BA10C6CD1E}
		{101FF420-6540-8BFA-B76E-DF92A4367429} = {41F05D31-29D1-4D2D-AA45-E6BA10C6CD1E}
		{1B682C15-9E22-E664-ACAA-0C6B25B2EFAF} = {41F05D31-29D1-4D2D-AA45-E6BA10C6CD1E}
	EndGlobalSection
	GlobalSection(ExtensibilityGlobals) = postSolution
		SolutionGuid = {0371ABB4-6400-487C-9031-25B119AB8B9E}
	EndGlobalSection
EndGlobal
