
Microsoft Visual Studio Solution File, Format Version 12.00
# Visual Studio Version 17
VisualStudioVersion = 17.0.32002.185
MinimumVisualStudioVersion = 10.0.40219.1
Project("{2150E333-8FDC-42A3-9474-1A3956D46DE8}") = "Solution Items", "Solution Items", "{EFE16EE0-ABD6-4659-85D2-5CD3B1D05F09}"
	ProjectSection(SolutionItems) = preProject
		.editorconfig = .editorconfig
	EndProjectSection
EndProject
Project("{2150E333-8FDC-42A3-9474-1A3956D46DE8}") = "Shared", "Shared", "{41F05D31-29D1-4D2D-AA45-E6BA10C6CD1E}"
EndProject
Project("{9A19103F-16F7-4668-BE54-9A1E7A4F7556}") = "Project.AppCore", "Shared\Project.AppCore\Project.AppCore.csproj", "{7A073CB9-EE1A-4507-949C-441CA504BD59}"
EndProject
Project("{9A19103F-16F7-4668-BE54-9A1E7A4F7556}") = "Project.Constraints", "Shared\Project.Constraints\Project.Constraints.csproj", "{7820239B-6C3C-4761-80EA-BD9E98795D75}"
EndProject
Project("{9A19103F-16F7-4668-BE54-9A1E7A4F7556}") = "Project.UI.AntBlazor", "Shared\Project.UI.AntBlazor\Project.UI.AntBlazor.csproj", "{64740E13-062E-40C1-AFB3-6F79BE848D71}"
EndProject
Project("{9A19103F-16F7-4668-BE54-9A1E7A4F7556}") = "Project.Web.Shared", "Shared\Project.Web.Shared\Project.Web.Shared.csproj", "{8D691E07-F967-495C-B1FC-3087ADB3CA4E}"
EndProject
Project("{2150E333-8FDC-42A3-9474-1A3956D46DE8}") = "Host", "Host", "{729C1AA4-A87B-481C-91C7-5818A424DB9E}"
EndProject
Project("{2150E333-8FDC-42A3-9474-1A3956D46DE8}") = "Web", "Web", "{8BD4599C-5109-46E1-8DE6-ACFD7ABA1F5D}"
EndProject
Project("{2150E333-8FDC-42A3-9474-1A3956D46DE8}") = "Wpf", "Wpf", "{C28DC31B-0F36-49FA-8170-126970D5CA87}"
EndProject
Project("{2150E333-8FDC-42A3-9474-1A3956D46DE8}") = "WinForms", "WinForms", "{8D8A16FF-51A6-42B4-8B75-7F286A54170A}"
EndProject
Project("{9A19103F-16F7-4668-BE54-9A1E7A4F7556}") = "BlazorAdmin", "Host\Web\BlazorAdmin\BlazorAdmin.csproj", "{7E18F9BD-26D7-4071-8B5A-70143639C10A}"
EndProject
Project("{9A19103F-16F7-4668-BE54-9A1E7A4F7556}") = "BlazorAdmin", "Host\WinForms\BlazorAdmin\BlazorAdmin.csproj", "{632FC67A-D18F-4914-AA59-77A938AE950B}"
EndProject
Project("{9A19103F-16F7-4668-BE54-9A1E7A4F7556}") = "BlazorAdmin", "Host\Wpf\BlazorAdmin\BlazorAdmin.csproj", "{3756E9B7-2EBC-4902-A2CE-13A785111FEC}"
EndProject
Project("{FAE04EC0-301F-11D3-BF4B-00C04F79EFBC}") = "MT.LightTask", "Shared\MT.LightTask\MT.LightTask.csproj", "{18261C43-95DB-403D-80E7-2FE34FC33F47}"
EndProject
Global
	GlobalSection(SolutionConfigurationPlatforms) = preSolution
		Debug|Any CPU = Debug|Any CPU
		Release|Any CPU = Release|Any CPU
	EndGlobalSection
	GlobalSection(ProjectConfigurationPlatforms) = postSolution
		{7A073CB9-EE1A-4507-949C-441CA504BD59}.Debug|Any CPU.ActiveCfg = Debug|Any CPU
		{7A073CB9-EE1A-4507-949C-441CA504BD59}.Debug|Any CPU.Build.0 = Debug|Any CPU
		{7A073CB9-EE1A-4507-949C-441CA504BD59}.Release|Any CPU.ActiveCfg = Release|Any CPU
		{7A073CB9-EE1A-4507-949C-441CA504BD59}.Release|Any CPU.Build.0 = Release|Any CPU
		{7820239B-6C3C-4761-80EA-BD9E98795D75}.Debug|Any CPU.ActiveCfg = Debug|Any CPU
		{7820239B-6C3C-4761-80EA-BD9E98795D75}.Debug|Any CPU.Build.0 = Debug|Any CPU
		{7820239B-6C3C-4761-80EA-BD9E98795D75}.Release|Any CPU.ActiveCfg = Release|Any CPU
		{7820239B-6C3C-4761-80EA-BD9E98795D75}.Release|Any CPU.Build.0 = Release|Any CPU
		{64740E13-062E-40C1-AFB3-6F79BE848D71}.Debug|Any CPU.ActiveCfg = Debug|Any CPU
		{64740E13-062E-40C1-AFB3-6F79BE848D71}.Debug|Any CPU.Build.0 = Debug|Any CPU
		{64740E13-062E-40C1-AFB3-6F79BE848D71}.Release|Any CPU.ActiveCfg = Release|Any CPU
		{64740E13-062E-40C1-AFB3-6F79BE848D71}.Release|Any CPU.Build.0 = Release|Any CPU
		{8D691E07-F967-495C-B1FC-3087ADB3CA4E}.Debug|Any CPU.ActiveCfg = Debug|Any CPU
		{8D691E07-F967-495C-B1FC-3087ADB3CA4E}.Debug|Any CPU.Build.0 = Debug|Any CPU
		{8D691E07-F967-495C-B1FC-3087ADB3CA4E}.Release|Any CPU.ActiveCfg = Release|Any CPU
		{8D691E07-F967-495C-B1FC-3087ADB3CA4E}.Release|Any CPU.Build.0 = Release|Any CPU
		{7E18F9BD-26D7-4071-8B5A-70143639C10A}.Debug|Any CPU.ActiveCfg = Debug|Any CPU
		{7E18F9BD-26D7-4071-8B5A-70143639C10A}.Debug|Any CPU.Build.0 = Debug|Any CPU
		{7E18F9BD-26D7-4071-8B5A-70143639C10A}.Release|Any CPU.ActiveCfg = Release|Any CPU
		{7E18F9BD-26D7-4071-8B5A-70143639C10A}.Release|Any CPU.Build.0 = Release|Any CPU
		{632FC67A-D18F-4914-AA59-77A938AE950B}.Debug|Any CPU.ActiveCfg = Debug|Any CPU
		{632FC67A-D18F-4914-AA59-77A938AE950B}.Debug|Any CPU.Build.0 = Debug|Any CPU
		{632FC67A-D18F-4914-AA59-77A938AE950B}.Release|Any CPU.ActiveCfg = Release|Any CPU
		{632FC67A-D18F-4914-AA59-77A938AE950B}.Release|Any CPU.Build.0 = Release|Any CPU
		{3756E9B7-2EBC-4902-A2CE-13A785111FEC}.Debug|Any CPU.ActiveCfg = Debug|Any CPU
		{3756E9B7-2EBC-4902-A2CE-13A785111FEC}.Debug|Any CPU.Build.0 = Debug|Any CPU
		{3756E9B7-2EBC-4902-A2CE-13A785111FEC}.Release|Any CPU.ActiveCfg = Release|Any CPU
		{3756E9B7-2EBC-4902-A2CE-13A785111FEC}.Release|Any CPU.Build.0 = Release|Any CPU
		{18261C43-95DB-403D-80E7-2FE34FC33F47}.Debug|Any CPU.ActiveCfg = Debug|Any CPU
		{18261C43-95DB-403D-80E7-2FE34FC33F47}.Debug|Any CPU.Build.0 = Debug|Any CPU
		{18261C43-95DB-403D-80E7-2FE34FC33F47}.Release|Any CPU.ActiveCfg = Release|Any CPU
		{18261C43-95DB-403D-80E7-2FE34FC33F47}.Release|Any CPU.Build.0 = Release|Any CPU
	EndGlobalSection
	GlobalSection(SolutionProperties) = preSolution
		HideSolutionNode = FALSE
	EndGlobalSection
	GlobalSection(NestedProjects) = preSolution
		{7A073CB9-EE1A-4507-949C-441CA504BD59} = {41F05D31-29D1-4D2D-AA45-E6BA10C6CD1E}
		{7820239B-6C3C-4761-80EA-BD9E98795D75} = {41F05D31-29D1-4D2D-AA45-E6BA10C6CD1E}
		{64740E13-062E-40C1-AFB3-6F79BE848D71} = {41F05D31-29D1-4D2D-AA45-E6BA10C6CD1E}
		{8D691E07-F967-495C-B1FC-3087ADB3CA4E} = {41F05D31-29D1-4D2D-AA45-E6BA10C6CD1E}
		{8BD4599C-5109-46E1-8DE6-ACFD7ABA1F5D} = {729C1AA4-A87B-481C-91C7-5818A424DB9E}
		{C28DC31B-0F36-49FA-8170-126970D5CA87} = {729C1AA4-A87B-481C-91C7-5818A424DB9E}
		{8D8A16FF-51A6-42B4-8B75-7F286A54170A} = {729C1AA4-A87B-481C-91C7-5818A424DB9E}
		{7E18F9BD-26D7-4071-8B5A-70143639C10A} = {8BD4599C-5109-46E1-8DE6-ACFD7ABA1F5D}
		{632FC67A-D18F-4914-AA59-77A938AE950B} = {8D8A16FF-51A6-42B4-8B75-7F286A54170A}
		{3756E9B7-2EBC-4902-A2CE-13A785111FEC} = {C28DC31B-0F36-49FA-8170-126970D5CA87}
		{18261C43-95DB-403D-80E7-2FE34FC33F47} = {41F05D31-29D1-4D2D-AA45-E6BA10C6CD1E}
	EndGlobalSection
	GlobalSection(ExtensibilityGlobals) = postSolution
		SolutionGuid = {0371ABB4-6400-487C-9031-25B119AB8B9E}
	EndGlobalSection
EndGlobal
