<Solution>
  <Folder Name="/Shared/" />
  <!--#if(AlwaysFalse)-->
  <Folder Name="/Shared/BlazorTemplates/">
    <Project Path="Shared/BlazorTemplates/BlazorTemplate.AppServer/BlazorTemplate.AppServer.csproj" />
    <Project Path="Shared/BlazorTemplates/BlazorTemplate.ClientCore/BlazorTemplate.ClientCore.csproj" />
    <Project Path="Shared/BlazorTemplates/BlazorTemplate.UI.AntBlazor/BlazorTemplate.UI.AntBlazor.csproj" />
    <Project Path="Shared/BlazorTemplates/BlazorTemplate.UI.FluentUI/BlazorTemplate.UI.FluentUI.csproj" />
    <Project Path="Shared/BlazorTemplates/EnumDisplayProviderGenerator/EnumDisplayProviderGenerator.csproj" Id="2ab9b174-b743-4bf1-bbf6-bee271a0890a" />
    <Project Path="Shared/BlazorTemplates/SvgContentClassGenerator/SvgContentClassGenerator.csproj" Id="9ec09481-8a04-4496-9596-987012a0e103" />
  </Folder>
  <Folder Name="/Shared/doc/">
    <File Path="../doc/模板参数和日志.md" />
  </Folder>
  <Folder Name="/Shared/github/">
    <File Path="../.github/workflows/dotnet.yml" />
  </Folder>
  <Folder Name="/Shared/template/">
    <File Path="../template.csproj" />
    <File Path=".template.config/template.json" />
  </Folder>
   <!--#endif-->
  <Folder Name="/Shared/Props/">
    <File Path="Shared/Props/projects.versions.props" />
  </Folder>
  <Folder Name="/Shared/TsCore/">
    <File Path="Shared/TsCore/baseComponent.ts" />
    <File Path="Shared/TsCore/componentStore.ts" />
    <File Path="Shared/TsCore/customEventHandler.ts" />
    <File Path="Shared/TsCore/dragHelper.ts" />
    <File Path="Shared/TsCore/eventHandler.ts" />
    <File Path="Shared/TsCore/eventHandlerSet.ts" />
    <File Path="Shared/TsCore/handlerBase.ts" />
    <File Path="Shared/TsCore/resizeHandler.ts" />
    <File Path="Shared/TsCore/utils.ts" />
  </Folder>
  <Folder Name="/Solution Items/">
    <File Path=".editorconfig" />
  </Folder>
  <Folder Name="/TypeScriptPackup/">
    <File Path="main.ts" />
    <File Path="package.json" />
    <File Path="tsconfig.json" />
    <File Path="tsup.config.ts" />
    <File Path="tsup.config.wpf.ts" />
    <File Path="utilsAggregation.ts" />
    <Project Path="RunBuild/RunBuild.csproj" />
  </Folder>
  <Project Path="BlazorAdmin.Client/BlazorAdmin.Client.csproj" />
  <Project Path="BlazorAdmin.Wpf/BlazorAdmin.Wpf.csproj" />
  <Project Path="BlazorAdmin/BlazorAdmin.csproj" />
</Solution>
