<Solution>
  <Folder Name="/Shared/" />
  <!--#if(AlwaysFalse)-->
  <Folder Name="/Shared/BlazorTemplates/">
    <Project Path="Shared/BlazorTemplates/BlazorTemplate.AppServer/BlazorTemplate.AppServer.csproj" />
    <Project Path="Shared/BlazorTemplates/BlazorTemplate.ClientCore/BlazorTemplate.ClientCore.csproj" />
    <Project Path="Shared/BlazorTemplates/BlazorTemplate.UI.AntBlazor/BlazorTemplate.UI.AntBlazor.csproj" />
    <Project Path="Shared/BlazorTemplates/BlazorTemplate.UI.FluentUI/BlazorTemplate.UI.FluentUI.csproj" />
    <Project Path="Shared/BlazorTemplates/BlazorTemplate.ClientCore.Generators/BlazorTemplate.ClientCore.Generators.csproj" Id="3c7a1f2e-6b8d-4c9a-a1b2-c3d4e5f6a7b8" />
  </Folder>
  <Folder Name="/Shared/doc/">
    <File Path="../doc/模板参数和日志.md" />
  </Folder>
  <Folder Name="/Shared/github/">
    <File Path="../.github/workflows/dotnet.yml" />
  </Folder>
  <Folder Name="/Shared/template/">
    <File Path="../template.csproj" />
    <File Path=".template.config/template.json" />
  </Folder>
   <!--#endif-->
  <Folder Name="/Shared/Props/">
    <File Path="Shared/Props/projects.versions.props" />
  </Folder>
  <Folder Name="/Shared/TsCore/">
    <File Path="Shared/TsCore/baseComponent.ts" />
    <File Path="Shared/TsCore/componentStore.ts" />
    <File Path="Shared/TsCore/customEventHandler.ts" />
    <File Path="Shared/TsCore/dragHelper.ts" />
    <File Path="Shared/TsCore/eventHandler.ts" />
    <File Path="Shared/TsCore/eventHandlerSet.ts" />
    <File Path="Shared/TsCore/handlerBase.ts" />
    <File Path="Shared/TsCore/resizeHandler.ts" />
    <File Path="Shared/TsCore/utils.ts" />
  </Folder>
  <Folder Name="/Solution Items/">
    <File Path=".editorconfig" />
  </Folder>
  <Folder Name="/TypeScriptPackup/">
    <File Path="main.ts" />
    <File Path="package.json" />
    <File Path="tsconfig.json" />
    <File Path="tsup.config.ts" />
    <File Path="tsup.config.wpf.ts" />
    <File Path="utilsAggregation.ts" />
    <Project Path="RunBuild/RunBuild.csproj" />
  </Folder>
   <!--#if(host == 'none' || host == 'web')-->
  <Project Path="BlazorAdmin/BlazorAdmin.csproj" />
  <Project Path="BlazorAdmin.Client/BlazorAdmin.Client.csproj" />
   <!--#endif-->
   <!--#if(host == 'none' || host == 'wpf')-->
  <Project Path="BlazorAdmin.Wpf/BlazorAdmin.Wpf.csproj" />
   <!--#endif-->
</Solution>
